
Microsoft Visual Studio Solution File, Format Version 12.00
# Visual Studio 15
VisualStudioVersion = 15.0.28010.2016
MinimumVisualStudioVersion = 10.0.40219.1
Project("{2150E333-8FDC-42A3-9474-1A3956D46DE8}") = "Undersoft.Tests", "Undersoft.Tests", "{9BDC8D3C-15D0-4AEC-A80B-18885E128FE2}"
EndProject
Project("{2150E333-8FDC-42A3-9474-1A3956D46DE8}") = "Undersoft", "Undersoft", "{D081A4A8-B743-48BB-A172-1FF8703B1E81}"
EndProject
Project("{9A19103F-16F7-4668-BE54-9A1E7A4F7556}") = "Undersoft.System.Instant", "NET.Undersoft.Vegas.Sdk\Undersoft.System.Instant\Undersoft.System.Instant.csproj", "{CD3DDB92-12A0-4CE4-B801-74E5488F195B}"
EndProject
Project("{9A19103F-16F7-4668-BE54-9A1E7A4F7556}") = "Undersoft.System.Labors", "NET.Undersoft.Vegas.Sdk\Undersoft.System.Labors\Undersoft.System.Labors.csproj", "{661E4B00-CE15-4331-BFCE-FD66A10B58DF}"
EndProject
Project("{9A19103F-16F7-4668-BE54-9A1E7A4F7556}") = "Undersoft.System.Uniques", "NET.Undersoft.Vegas.Sdk\Undersoft.System.Uniques\Undersoft.System.Uniques.csproj", "{67AD9ADD-5654-4C78-B2A7-840EE51A279A}"
EndProject
Project("{9A19103F-16F7-4668-BE54-9A1E7A4F7556}") = "Undersoft.System.Deal", "NET.Undersoft.Vegas.Sdk\Undersoft.System.Deal\Undersoft.System.Deal.csproj", "{DB1475CE-E19D-446F-AA39-5BF54A8C839E}"
EndProject
Project("{9A19103F-16F7-4668-BE54-9A1E7A4F7556}") = "Undersoft.System.Extract", "NET.Undersoft.Vegas.Sdk\Undersoft.System.Extract\Undersoft.System.Extract.csproj", "{B9CFD860-1208-417A-B8C8-1D9435AF7BFA}"
EndProject
Project("{9A19103F-16F7-4668-BE54-9A1E7A4F7556}") = "Undersoft.System.Extract.Stock", "NET.Undersoft.Vegas.Sdk\Undersoft.System.Extract.Stock\Undersoft.System.Extract.Stock.csproj", "{EFD8573E-8588-40FB-8F04-174261703E89}"
EndProject
Project("{9A19103F-16F7-4668-BE54-9A1E7A4F7556}") = "Undersoft.System.Instant.Mathline", "NET.Undersoft.Vegas.Sdk\Undersoft.System.Instant.Mathline\Undersoft.System.Instant.Mathline.csproj", "{9D4B7BD1-2999-4CD9-ABAC-1DA2BC00503E}"
EndProject
Project("{9A19103F-16F7-4668-BE54-9A1E7A4F7556}") = "Undersoft.System.Instant.Sqlbank", "NET.Undersoft.Vegas.Sdk\Undersoft.System.Instant.Sqlbank\Undersoft.System.Instant.Sqlbank.csproj", "{F64703D3-853A-4F32-A439-29BE46CA8F9E}"
EndProject
Project("{9A19103F-16F7-4668-BE54-9A1E7A4F7556}") = "Undersoft.System.Multemic", "NET.Undersoft.Vegas.Sdk\Undersoft.System.Multemic\Undersoft.System.Multemic.csproj", "{BAC88EBF-67B8-43D3-9815-DEBB0D034613}"
EndProject
Project("{9A19103F-16F7-4668-BE54-9A1E7A4F7556}") = "Undersoft.System.Multemic.Tests", "NET.Undersoft.Vegas.Sdk.Tests\Undersoft.System.Multemic.Tests\Undersoft.System.Multemic.Tests.csproj", "{886BF7FB-2466-4B3F-9960-11F743C87544}"
EndProject
Project("{9A19103F-16F7-4668-BE54-9A1E7A4F7556}") = "Undersoft.System.Instant.Tests", "NET.Undersoft.Vegas.Sdk.Tests\Undersoft.System.Instant.Tests\Undersoft.System.Instant.Tests.csproj", "{48934DBC-4E96-4BDE-8808-4C361825AAC7}"
EndProject
Project("{9A19103F-16F7-4668-BE54-9A1E7A4F7556}") = "Undersoft.System.Extract.Tests", "NET.Undersoft.Vegas.Sdk.Tests\Undersoft.System.Extract.Tests\Undersoft.System.Extract.Tests.csproj", "{B23D7C35-4B89-4AD1-AC06-216EFD8130D2}"
EndProject
Project("{9A19103F-16F7-4668-BE54-9A1E7A4F7556}") = "Undersoft.System.Instant.Mathline.Tests", "NET.Undersoft.Vegas.Sdk.Tests\Undersoft.System.Instant.Mathline.Tests\Undersoft.System.Instant.Mathline.Tests.csproj", "{6C1255CB-BDD7-4403-ABE3-30FDAB10E99C}"
EndProject
Project("{9A19103F-16F7-4668-BE54-9A1E7A4F7556}") = "Undersoft.System", "NET.Undersoft.Vegas.Sdk\Undersoft.System\Undersoft.System.csproj", "{74B074DB-BF07-4EA6-9BE0-E1D1BB9C90B0}"
EndProject
Project("{9A19103F-16F7-4668-BE54-9A1E7A4F7556}") = "Undersoft.System.Labors.Tests", "NET.Undersoft.Vegas.Sdk.Tests\Undersoft.System.Labors.Tests\Undersoft.System.Labors.Tests.csproj", "{07B6596D-8DE4-4D97-A65B-39875BA929B9}"
EndProject
Project("{9A19103F-16F7-4668-BE54-9A1E7A4F7556}") = "Undersoft.System.Instant.Sqlbank.Tests", "NET.Undersoft.Vegas.Sdk.Tests\Undersoft.System.Instant.Sqlbank.Tests\Undersoft.System.Instant.Sqlbank.Tests.csproj", "{903D7BAB-B0CD-4231-9DB3-ACF8AA535AE1}"
EndProject
Project("{9A19103F-16F7-4668-BE54-9A1E7A4F7556}") = "Undersoft.System.Logs", "NET.Undersoft.Vegas.Sdk\Undersoft.System.Logs\Undersoft.System.Logs.csproj", "{98782E30-575B-4E1C-8616-8CC9384ADA92}"
EndProject
Global
	GlobalSection(SolutionConfigurationPlatforms) = preSolution
		Debug|Any CPU = Debug|Any CPU
		Debug|x64 = Debug|x64
		Debug|x86 = Debug|x86
		Release|Any CPU = Release|Any CPU
		Release|x64 = Release|x64
		Release|x86 = Release|x86
	EndGlobalSection
	GlobalSection(ProjectConfigurationPlatforms) = postSolution
		{CD3DDB92-12A0-4CE4-B801-74E5488F195B}.Debug|Any CPU.ActiveCfg = Debug|Any CPU
		{CD3DDB92-12A0-4CE4-B801-74E5488F195B}.Debug|Any CPU.Build.0 = Debug|Any CPU
		{CD3DDB92-12A0-4CE4-B801-74E5488F195B}.Debug|x64.ActiveCfg = Debug|x64
		{CD3DDB92-12A0-4CE4-B801-74E5488F195B}.Debug|x64.Build.0 = Debug|x64
		{CD3DDB92-12A0-4CE4-B801-74E5488F195B}.Debug|x86.ActiveCfg = Debug|x86
		{CD3DDB92-12A0-4CE4-B801-74E5488F195B}.Debug|x86.Build.0 = Debug|x86
		{CD3DDB92-12A0-4CE4-B801-74E5488F195B}.Release|Any CPU.ActiveCfg = Release|Any CPU
		{CD3DDB92-12A0-4CE4-B801-74E5488F195B}.Release|Any CPU.Build.0 = Release|Any CPU
		{CD3DDB92-12A0-4CE4-B801-74E5488F195B}.Release|x64.ActiveCfg = Release|x64
		{CD3DDB92-12A0-4CE4-B801-74E5488F195B}.Release|x64.Build.0 = Release|x64
		{CD3DDB92-12A0-4CE4-B801-74E5488F195B}.Release|x86.ActiveCfg = Release|x86
		{CD3DDB92-12A0-4CE4-B801-74E5488F195B}.Release|x86.Build.0 = Release|x86
		{661E4B00-CE15-4331-BFCE-FD66A10B58DF}.Debug|Any CPU.ActiveCfg = Debug|Any CPU
		{661E4B00-CE15-4331-BFCE-FD66A10B58DF}.Debug|Any CPU.Build.0 = Debug|Any CPU
		{661E4B00-CE15-4331-BFCE-FD66A10B58DF}.Debug|x64.ActiveCfg = Debug|x64
		{661E4B00-CE15-4331-BFCE-FD66A10B58DF}.Debug|x64.Build.0 = Debug|x64
		{661E4B00-CE15-4331-BFCE-FD66A10B58DF}.Debug|x86.ActiveCfg = Debug|x86
		{661E4B00-CE15-4331-BFCE-FD66A10B58DF}.Debug|x86.Build.0 = Debug|x86
		{661E4B00-CE15-4331-BFCE-FD66A10B58DF}.Release|Any CPU.ActiveCfg = Release|Any CPU
		{661E4B00-CE15-4331-BFCE-FD66A10B58DF}.Release|Any CPU.Build.0 = Release|Any CPU
		{661E4B00-CE15-4331-BFCE-FD66A10B58DF}.Release|x64.ActiveCfg = Release|x64
		{661E4B00-CE15-4331-BFCE-FD66A10B58DF}.Release|x64.Build.0 = Release|x64
		{661E4B00-CE15-4331-BFCE-FD66A10B58DF}.Release|x86.ActiveCfg = Release|x86
		{661E4B00-CE15-4331-BFCE-FD66A10B58DF}.Release|x86.Build.0 = Release|x86
		{67AD9ADD-5654-4C78-B2A7-840EE51A279A}.Debug|Any CPU.ActiveCfg = Debug|Any CPU
		{67AD9ADD-5654-4C78-B2A7-840EE51A279A}.Debug|Any CPU.Build.0 = Debug|Any CPU
		{67AD9ADD-5654-4C78-B2A7-840EE51A279A}.Debug|x64.ActiveCfg = Debug|x64
		{67AD9ADD-5654-4C78-B2A7-840EE51A279A}.Debug|x64.Build.0 = Debug|x64
		{67AD9ADD-5654-4C78-B2A7-840EE51A279A}.Debug|x86.ActiveCfg = Debug|x86
		{67AD9ADD-5654-4C78-B2A7-840EE51A279A}.Debug|x86.Build.0 = Debug|x86
		{67AD9ADD-5654-4C78-B2A7-840EE51A279A}.Release|Any CPU.ActiveCfg = Release|Any CPU
		{67AD9ADD-5654-4C78-B2A7-840EE51A279A}.Release|Any CPU.Build.0 = Release|Any CPU
		{67AD9ADD-5654-4C78-B2A7-840EE51A279A}.Release|x64.ActiveCfg = Release|x64
		{67AD9ADD-5654-4C78-B2A7-840EE51A279A}.Release|x64.Build.0 = Release|x64
		{67AD9ADD-5654-4C78-B2A7-840EE51A279A}.Release|x86.ActiveCfg = Release|x86
		{67AD9ADD-5654-4C78-B2A7-840EE51A279A}.Release|x86.Build.0 = Release|x86
		{DB1475CE-E19D-446F-AA39-5BF54A8C839E}.Debug|Any CPU.ActiveCfg = Debug|Any CPU
		{DB1475CE-E19D-446F-AA39-5BF54A8C839E}.Debug|Any CPU.Build.0 = Debug|Any CPU
		{DB1475CE-E19D-446F-AA39-5BF54A8C839E}.Debug|x64.ActiveCfg = Debug|x64
		{DB1475CE-E19D-446F-AA39-5BF54A8C839E}.Debug|x64.Build.0 = Debug|x64
		{DB1475CE-E19D-446F-AA39-5BF54A8C839E}.Debug|x86.ActiveCfg = Debug|x86
		{DB1475CE-E19D-446F-AA39-5BF54A8C839E}.Debug|x86.Build.0 = Debug|x86
		{DB1475CE-E19D-446F-AA39-5BF54A8C839E}.Release|Any CPU.ActiveCfg = Release|Any CPU
		{DB1475CE-E19D-446F-AA39-5BF54A8C839E}.Release|Any CPU.Build.0 = Release|Any CPU
		{DB1475CE-E19D-446F-AA39-5BF54A8C839E}.Release|x64.ActiveCfg = Release|x64
		{DB1475CE-E19D-446F-AA39-5BF54A8C839E}.Release|x64.Build.0 = Release|x64
		{DB1475CE-E19D-446F-AA39-5BF54A8C839E}.Release|x86.ActiveCfg = Release|x86
		{DB1475CE-E19D-446F-AA39-5BF54A8C839E}.Release|x86.Build.0 = Release|x86
		{B9CFD860-1208-417A-B8C8-1D9435AF7BFA}.Debug|Any CPU.ActiveCfg = Debug|Any CPU
		{B9CFD860-1208-417A-B8C8-1D9435AF7BFA}.Debug|Any CPU.Build.0 = Debug|Any CPU
		{B9CFD860-1208-417A-B8C8-1D9435AF7BFA}.Debug|x64.ActiveCfg = Debug|x64
		{B9CFD860-1208-417A-B8C8-1D9435AF7BFA}.Debug|x64.Build.0 = Debug|x64
		{B9CFD860-1208-417A-B8C8-1D9435AF7BFA}.Debug|x86.ActiveCfg = Debug|x86
		{B9CFD860-1208-417A-B8C8-1D9435AF7BFA}.Debug|x86.Build.0 = Debug|x86
		{B9CFD860-1208-417A-B8C8-1D9435AF7BFA}.Release|Any CPU.ActiveCfg = Release|Any CPU
		{B9CFD860-1208-417A-B8C8-1D9435AF7BFA}.Release|Any CPU.Build.0 = Release|Any CPU
		{B9CFD860-1208-417A-B8C8-1D9435AF7BFA}.Release|x64.ActiveCfg = Release|x64
		{B9CFD860-1208-417A-B8C8-1D9435AF7BFA}.Release|x64.Build.0 = Release|x64
		{B9CFD860-1208-417A-B8C8-1D9435AF7BFA}.Release|x86.ActiveCfg = Release|x86
		{B9CFD860-1208-417A-B8C8-1D9435AF7BFA}.Release|x86.Build.0 = Release|x86
		{EFD8573E-8588-40FB-8F04-174261703E89}.Debug|Any CPU.ActiveCfg = Debug|Any CPU
		{EFD8573E-8588-40FB-8F04-174261703E89}.Debug|Any CPU.Build.0 = Debug|Any CPU
		{EFD8573E-8588-40FB-8F04-174261703E89}.Debug|x64.ActiveCfg = Debug|x64
		{EFD8573E-8588-40FB-8F04-174261703E89}.Debug|x64.Build.0 = Debug|x64
		{EFD8573E-8588-40FB-8F04-174261703E89}.Debug|x86.ActiveCfg = Debug|x86
		{EFD8573E-8588-40FB-8F04-174261703E89}.Debug|x86.Build.0 = Debug|x86
		{EFD8573E-8588-40FB-8F04-174261703E89}.Release|Any CPU.ActiveCfg = Release|Any CPU
		{EFD8573E-8588-40FB-8F04-174261703E89}.Release|Any CPU.Build.0 = Release|Any CPU
		{EFD8573E-8588-40FB-8F04-174261703E89}.Release|x64.ActiveCfg = Release|x64
		{EFD8573E-8588-40FB-8F04-174261703E89}.Release|x64.Build.0 = Release|x64
		{EFD8573E-8588-40FB-8F04-174261703E89}.Release|x86.ActiveCfg = Release|x86
		{EFD8573E-8588-40FB-8F04-174261703E89}.Release|x86.Build.0 = Release|x86
		{9D4B7BD1-2999-4CD9-ABAC-1DA2BC00503E}.Debug|Any CPU.ActiveCfg = Debug|Any CPU
		{9D4B7BD1-2999-4CD9-ABAC-1DA2BC00503E}.Debug|Any CPU.Build.0 = Debug|Any CPU
		{9D4B7BD1-2999-4CD9-ABAC-1DA2BC00503E}.Debug|x64.ActiveCfg = Debug|x64
		{9D4B7BD1-2999-4CD9-ABAC-1DA2BC00503E}.Debug|x64.Build.0 = Debug|x64
		{9D4B7BD1-2999-4CD9-ABAC-1DA2BC00503E}.Debug|x86.ActiveCfg = Debug|x86
		{9D4B7BD1-2999-4CD9-ABAC-1DA2BC00503E}.Debug|x86.Build.0 = Debug|x86
		{9D4B7BD1-2999-4CD9-ABAC-1DA2BC00503E}.Release|Any CPU.ActiveCfg = Release|Any CPU
		{9D4B7BD1-2999-4CD9-ABAC-1DA2BC00503E}.Release|Any CPU.Build.0 = Release|Any CPU
		{9D4B7BD1-2999-4CD9-ABAC-1DA2BC00503E}.Release|x64.ActiveCfg = Release|x64
		{9D4B7BD1-2999-4CD9-ABAC-1DA2BC00503E}.Release|x64.Build.0 = Release|x64
		{9D4B7BD1-2999-4CD9-ABAC-1DA2BC00503E}.Release|x86.ActiveCfg = Release|x86
		{9D4B7BD1-2999-4CD9-ABAC-1DA2BC00503E}.Release|x86.Build.0 = Release|x86
		{F64703D3-853A-4F32-A439-29BE46CA8F9E}.Debug|Any CPU.ActiveCfg = Debug|Any CPU
		{F64703D3-853A-4F32-A439-29BE46CA8F9E}.Debug|Any CPU.Build.0 = Debug|Any CPU
		{F64703D3-853A-4F32-A439-29BE46CA8F9E}.Debug|x64.ActiveCfg = Debug|x64
		{F64703D3-853A-4F32-A439-29BE46CA8F9E}.Debug|x64.Build.0 = Debug|x64
		{F64703D3-853A-4F32-A439-29BE46CA8F9E}.Debug|x86.ActiveCfg = Debug|x86
		{F64703D3-853A-4F32-A439-29BE46CA8F9E}.Debug|x86.Build.0 = Debug|x86
		{F64703D3-853A-4F32-A439-29BE46CA8F9E}.Release|Any CPU.ActiveCfg = Release|Any CPU
		{F64703D3-853A-4F32-A439-29BE46CA8F9E}.Release|Any CPU.Build.0 = Release|Any CPU
		{F64703D3-853A-4F32-A439-29BE46CA8F9E}.Release|x64.ActiveCfg = Release|x64
		{F64703D3-853A-4F32-A439-29BE46CA8F9E}.Release|x64.Build.0 = Release|x64
		{F64703D3-853A-4F32-A439-29BE46CA8F9E}.Release|x86.ActiveCfg = Release|x86
		{F64703D3-853A-4F32-A439-29BE46CA8F9E}.Release|x86.Build.0 = Release|x86
		{BAC88EBF-67B8-43D3-9815-DEBB0D034613}.Debug|Any CPU.ActiveCfg = Debug|Any CPU
		{BAC88EBF-67B8-43D3-9815-DEBB0D034613}.Debug|Any CPU.Build.0 = Debug|Any CPU
		{BAC88EBF-67B8-43D3-9815-DEBB0D034613}.Debug|x64.ActiveCfg = Debug|x64
		{BAC88EBF-67B8-43D3-9815-DEBB0D034613}.Debug|x64.Build.0 = Debug|x64
		{BAC88EBF-67B8-43D3-9815-DEBB0D034613}.Debug|x86.ActiveCfg = Debug|x86
		{BAC88EBF-67B8-43D3-9815-DEBB0D034613}.Debug|x86.Build.0 = Debug|x86
		{BAC88EBF-67B8-43D3-9815-DEBB0D034613}.Release|Any CPU.ActiveCfg = Release|Any CPU
		{BAC88EBF-67B8-43D3-9815-DEBB0D034613}.Release|Any CPU.Build.0 = Release|Any CPU
		{BAC88EBF-67B8-43D3-9815-DEBB0D034613}.Release|x64.ActiveCfg = Release|x64
		{BAC88EBF-67B8-43D3-9815-DEBB0D034613}.Release|x64.Build.0 = Release|x64
		{BAC88EBF-67B8-43D3-9815-DEBB0D034613}.Release|x86.ActiveCfg = Release|x86
		{BAC88EBF-67B8-43D3-9815-DEBB0D034613}.Release|x86.Build.0 = Release|x86
		{886BF7FB-2466-4B3F-9960-11F743C87544}.Debug|Any CPU.ActiveCfg = Debug|Any CPU
		{886BF7FB-2466-4B3F-9960-11F743C87544}.Debug|Any CPU.Build.0 = Debug|Any CPU
		{886BF7FB-2466-4B3F-9960-11F743C87544}.Debug|x64.ActiveCfg = Debug|x64
		{886BF7FB-2466-4B3F-9960-11F743C87544}.Debug|x64.Build.0 = Debug|x64
		{886BF7FB-2466-4B3F-9960-11F743C87544}.Debug|x86.ActiveCfg = Debug|x86
		{886BF7FB-2466-4B3F-9960-11F743C87544}.Debug|x86.Build.0 = Debug|x86
		{886BF7FB-2466-4B3F-9960-11F743C87544}.Release|Any CPU.ActiveCfg = Release|Any CPU
		{886BF7FB-2466-4B3F-9960-11F743C87544}.Release|Any CPU.Build.0 = Release|Any CPU
		{886BF7FB-2466-4B3F-9960-11F743C87544}.Release|x64.ActiveCfg = Release|x64
		{886BF7FB-2466-4B3F-9960-11F743C87544}.Release|x64.Build.0 = Release|x64
		{886BF7FB-2466-4B3F-9960-11F743C87544}.Release|x86.ActiveCfg = Release|x86
		{886BF7FB-2466-4B3F-9960-11F743C87544}.Release|x86.Build.0 = Release|x86
		{48934DBC-4E96-4BDE-8808-4C361825AAC7}.Debug|Any CPU.ActiveCfg = Debug|Any CPU
		{48934DBC-4E96-4BDE-8808-4C361825AAC7}.Debug|Any CPU.Build.0 = Debug|Any CPU
		{48934DBC-4E96-4BDE-8808-4C361825AAC7}.Debug|x64.ActiveCfg = Debug|x64
		{48934DBC-4E96-4BDE-8808-4C361825AAC7}.Debug|x64.Build.0 = Debug|x64
		{48934DBC-4E96-4BDE-8808-4C361825AAC7}.Debug|x86.ActiveCfg = Debug|x86
		{48934DBC-4E96-4BDE-8808-4C361825AAC7}.Debug|x86.Build.0 = Debug|x86
		{48934DBC-4E96-4BDE-8808-4C361825AAC7}.Release|Any CPU.ActiveCfg = Release|Any CPU
		{48934DBC-4E96-4BDE-8808-4C361825AAC7}.Release|Any CPU.Build.0 = Release|Any CPU
		{48934DBC-4E96-4BDE-8808-4C361825AAC7}.Release|x64.ActiveCfg = Release|x64
		{48934DBC-4E96-4BDE-8808-4C361825AAC7}.Release|x64.Build.0 = Release|x64
		{48934DBC-4E96-4BDE-8808-4C361825AAC7}.Release|x86.ActiveCfg = Release|x86
		{48934DBC-4E96-4BDE-8808-4C361825AAC7}.Release|x86.Build.0 = Release|x86
		{B23D7C35-4B89-4AD1-AC06-216EFD8130D2}.Debug|Any CPU.ActiveCfg = Debug|Any CPU
		{B23D7C35-4B89-4AD1-AC06-216EFD8130D2}.Debug|Any CPU.Build.0 = Debug|Any CPU
		{B23D7C35-4B89-4AD1-AC06-216EFD8130D2}.Debug|x64.ActiveCfg = Debug|x64
		{B23D7C35-4B89-4AD1-AC06-216EFD8130D2}.Debug|x64.Build.0 = Debug|x64
		{B23D7C35-4B89-4AD1-AC06-216EFD8130D2}.Debug|x86.ActiveCfg = Debug|x86
		{B23D7C35-4B89-4AD1-AC06-216EFD8130D2}.Debug|x86.Build.0 = Debug|x86
		{B23D7C35-4B89-4AD1-AC06-216EFD8130D2}.Release|Any CPU.ActiveCfg = Release|Any CPU
		{B23D7C35-4B89-4AD1-AC06-216EFD8130D2}.Release|Any CPU.Build.0 = Release|Any CPU
		{B23D7C35-4B89-4AD1-AC06-216EFD8130D2}.Release|x64.ActiveCfg = Release|x64
		{B23D7C35-4B89-4AD1-AC06-216EFD8130D2}.Release|x64.Build.0 = Release|x64
		{B23D7C35-4B89-4AD1-AC06-216EFD8130D2}.Release|x86.ActiveCfg = Release|x86
		{B23D7C35-4B89-4AD1-AC06-216EFD8130D2}.Release|x86.Build.0 = Release|x86
		{6C1255CB-BDD7-4403-ABE3-30FDAB10E99C}.Debug|Any CPU.ActiveCfg = Debug|Any CPU
		{6C1255CB-BDD7-4403-ABE3-30FDAB10E99C}.Debug|Any CPU.Build.0 = Debug|Any CPU
		{6C1255CB-BDD7-4403-ABE3-30FDAB10E99C}.Debug|x64.ActiveCfg = Debug|x64
		{6C1255CB-BDD7-4403-ABE3-30FDAB10E99C}.Debug|x64.Build.0 = Debug|x64
		{6C1255CB-BDD7-4403-ABE3-30FDAB10E99C}.Debug|x86.ActiveCfg = Debug|x86
		{6C1255CB-BDD7-4403-ABE3-30FDAB10E99C}.Debug|x86.Build.0 = Debug|x86
		{6C1255CB-BDD7-4403-ABE3-30FDAB10E99C}.Release|Any CPU.ActiveCfg = Release|Any CPU
		{6C1255CB-BDD7-4403-ABE3-30FDAB10E99C}.Release|Any CPU.Build.0 = Release|Any CPU
		{6C1255CB-BDD7-4403-ABE3-30FDAB10E99C}.Release|x64.ActiveCfg = Release|x64
		{6C1255CB-BDD7-4403-ABE3-30FDAB10E99C}.Release|x64.Build.0 = Release|x64
		{6C1255CB-BDD7-4403-ABE3-30FDAB10E99C}.Release|x86.ActiveCfg = Release|x86
		{6C1255CB-BDD7-4403-ABE3-30FDAB10E99C}.Release|x86.Build.0 = Release|x86
		{74B074DB-BF07-4EA6-9BE0-E1D1BB9C90B0}.Debug|Any CPU.ActiveCfg = Debug|Any CPU
		{74B074DB-BF07-4EA6-9BE0-E1D1BB9C90B0}.Debug|Any CPU.Build.0 = Debug|Any CPU
		{74B074DB-BF07-4EA6-9BE0-E1D1BB9C90B0}.Debug|x64.ActiveCfg = Debug|x64
		{74B074DB-BF07-4EA6-9BE0-E1D1BB9C90B0}.Debug|x64.Build.0 = Debug|x64
		{74B074DB-BF07-4EA6-9BE0-E1D1BB9C90B0}.Debug|x86.ActiveCfg = Debug|x86
		{74B074DB-BF07-4EA6-9BE0-E1D1BB9C90B0}.Debug|x86.Build.0 = Debug|x86
		{74B074DB-BF07-4EA6-9BE0-E1D1BB9C90B0}.Release|Any CPU.ActiveCfg = Release|Any CPU
		{74B074DB-BF07-4EA6-9BE0-E1D1BB9C90B0}.Release|Any CPU.Build.0 = Release|Any CPU
		{74B074DB-BF07-4EA6-9BE0-E1D1BB9C90B0}.Release|x64.ActiveCfg = Release|x64
		{74B074DB-BF07-4EA6-9BE0-E1D1BB9C90B0}.Release|x64.Build.0 = Release|x64
		{74B074DB-BF07-4EA6-9BE0-E1D1BB9C90B0}.Release|x86.ActiveCfg = Release|x86
		{74B074DB-BF07-4EA6-9BE0-E1D1BB9C90B0}.Release|x86.Build.0 = Release|x86
		{07B6596D-8DE4-4D97-A65B-39875BA929B9}.Debug|Any CPU.ActiveCfg = Debug|Any CPU
		{07B6596D-8DE4-4D97-A65B-39875BA929B9}.Debug|Any CPU.Build.0 = Debug|Any CPU
		{07B6596D-8DE4-4D97-A65B-39875BA929B9}.Debug|x64.ActiveCfg = Debug|x64
		{07B6596D-8DE4-4D97-A65B-39875BA929B9}.Debug|x64.Build.0 = Debug|x64
		{07B6596D-8DE4-4D97-A65B-39875BA929B9}.Debug|x86.ActiveCfg = Debug|x86
		{07B6596D-8DE4-4D97-A65B-39875BA929B9}.Debug|x86.Build.0 = Debug|x86
		{07B6596D-8DE4-4D97-A65B-39875BA929B9}.Release|Any CPU.ActiveCfg = Release|Any CPU
		{07B6596D-8DE4-4D97-A65B-39875BA929B9}.Release|Any CPU.Build.0 = Release|Any CPU
		{07B6596D-8DE4-4D97-A65B-39875BA929B9}.Release|x64.ActiveCfg = Release|x64
		{07B6596D-8DE4-4D97-A65B-39875BA929B9}.Release|x64.Build.0 = Release|x64
		{07B6596D-8DE4-4D97-A65B-39875BA929B9}.Release|x86.ActiveCfg = Release|x86
		{07B6596D-8DE4-4D97-A65B-39875BA929B9}.Release|x86.Build.0 = Release|x86
		{903D7BAB-B0CD-4231-9DB3-ACF8AA535AE1}.Debug|Any CPU.ActiveCfg = Debug|Any CPU
		{903D7BAB-B0CD-4231-9DB3-ACF8AA535AE1}.Debug|Any CPU.Build.0 = Debug|Any CPU
		{903D7BAB-B0CD-4231-9DB3-ACF8AA535AE1}.Debug|x64.ActiveCfg = Debug|x64
		{903D7BAB-B0CD-4231-9DB3-ACF8AA535AE1}.Debug|x64.Build.0 = Debug|x64
		{903D7BAB-B0CD-4231-9DB3-ACF8AA535AE1}.Debug|x86.ActiveCfg = Debug|x86
		{903D7BAB-B0CD-4231-9DB3-ACF8AA535AE1}.Debug|x86.Build.0 = Debug|x86
		{903D7BAB-B0CD-4231-9DB3-ACF8AA535AE1}.Release|Any CPU.ActiveCfg = Release|Any CPU
		{903D7BAB-B0CD-4231-9DB3-ACF8AA535AE1}.Release|Any CPU.Build.0 = Release|Any CPU
		{903D7BAB-B0CD-4231-9DB3-ACF8AA535AE1}.Release|x64.ActiveCfg = Release|x64
		{903D7BAB-B0CD-4231-9DB3-ACF8AA535AE1}.Release|x64.Build.0 = Release|x64
		{903D7BAB-B0CD-4231-9DB3-ACF8AA535AE1}.Release|x86.ActiveCfg = Release|x86
		{903D7BAB-B0CD-4231-9DB3-ACF8AA535AE1}.Release|x86.Build.0 = Release|x86
		{98782E30-575B-4E1C-8616-8CC9384ADA92}.Debug|Any CPU.ActiveCfg = Debug|Any CPU
		{98782E30-575B-4E1C-8616-8CC9384ADA92}.Debug|Any CPU.Build.0 = Debug|Any CPU
		{98782E30-575B-4E1C-8616-8CC9384ADA92}.Debug|x64.ActiveCfg = Debug|Any CPU
		{98782E30-575B-4E1C-8616-8CC9384ADA92}.Debug|x64.Build.0 = Debug|Any CPU
		{98782E30-575B-4E1C-8616-8CC9384ADA92}.Debug|x86.ActiveCfg = Debug|Any CPU
		{98782E30-575B-4E1C-8616-8CC9384ADA92}.Debug|x86.Build.0 = Debug|Any CPU
		{98782E30-575B-4E1C-8616-8CC9384ADA92}.Release|Any CPU.ActiveCfg = Release|Any CPU
		{98782E30-575B-4E1C-8616-8CC9384ADA92}.Release|Any CPU.Build.0 = Release|Any CPU
		{98782E30-575B-4E1C-8616-8CC9384ADA92}.Release|x64.ActiveCfg = Release|Any CPU
		{98782E30-575B-4E1C-8616-8CC9384ADA92}.Release|x64.Build.0 = Release|Any CPU
		{98782E30-575B-4E1C-8616-8CC9384ADA92}.Release|x86.ActiveCfg = Release|Any CPU
		{98782E30-575B-4E1C-8616-8CC9384ADA92}.Release|x86.Build.0 = Release|Any CPU
	EndGlobalSection
	GlobalSection(SolutionProperties) = preSolution
		HideSolutionNode = FALSE
	EndGlobalSection
	GlobalSection(NestedProjects) = preSolution
		{CD3DDB92-12A0-4CE4-B801-74E5488F195B} = {D081A4A8-B743-48BB-A172-1FF8703B1E81}
		{661E4B00-CE15-4331-BFCE-FD66A10B58DF} = {D081A4A8-B743-48BB-A172-1FF8703B1E81}
		{67AD9ADD-5654-4C78-B2A7-840EE51A279A} = {D081A4A8-B743-48BB-A172-1FF8703B1E81}
		{DB1475CE-E19D-446F-AA39-5BF54A8C839E} = {D081A4A8-B743-48BB-A172-1FF8703B1E81}
		{B9CFD860-1208-417A-B8C8-1D9435AF7BFA} = {D081A4A8-B743-48BB-A172-1FF8703B1E81}
		{EFD8573E-8588-40FB-8F04-174261703E89} = {D081A4A8-B743-48BB-A172-1FF8703B1E81}
		{9D4B7BD1-2999-4CD9-ABAC-1DA2BC00503E} = {D081A4A8-B743-48BB-A172-1FF8703B1E81}
		{F64703D3-853A-4F32-A439-29BE46CA8F9E} = {D081A4A8-B743-48BB-A172-1FF8703B1E81}
		{BAC88EBF-67B8-43D3-9815-DEBB0D034613} = {D081A4A8-B743-48BB-A172-1FF8703B1E81}
		{886BF7FB-2466-4B3F-9960-11F743C87544} = {9BDC8D3C-15D0-4AEC-A80B-18885E128FE2}
		{48934DBC-4E96-4BDE-8808-4C361825AAC7} = {9BDC8D3C-15D0-4AEC-A80B-18885E128FE2}
		{B23D7C35-4B89-4AD1-AC06-216EFD8130D2} = {9BDC8D3C-15D0-4AEC-A80B-18885E128FE2}
		{6C1255CB-BDD7-4403-ABE3-30FDAB10E99C} = {9BDC8D3C-15D0-4AEC-A80B-18885E128FE2}
		{74B074DB-BF07-4EA6-9BE0-E1D1BB9C90B0} = {D081A4A8-B743-48BB-A172-1FF8703B1E81}
		{07B6596D-8DE4-4D97-A65B-39875BA929B9} = {9BDC8D3C-15D0-4AEC-A80B-18885E128FE2}
		{903D7BAB-B0CD-4231-9DB3-ACF8AA535AE1} = {9BDC8D3C-15D0-4AEC-A80B-18885E128FE2}
		{98782E30-575B-4E1C-8616-8CC9384ADA92} = {D081A4A8-B743-48BB-A172-1FF8703B1E81}
	EndGlobalSection
	GlobalSection(ExtensibilityGlobals) = postSolution
		SolutionGuid = {E63CE8B4-84B8-449A-A1CB-F526EA796731}
	EndGlobalSection
EndGlobal
